[[dependencies]]
name = "forge-std"
version = "1.16.1"
url = "https://soldeer-revisions.s3.amazonaws.com/forge-std/1_16_1_08-05-2026_08:51:16_forge-std-1.16.zip"
checksum = "839b61832925c7152c7b6dffbfa4998d9e606211179bd8f604733124e8a7cb57"
integrity = "60e55d10150354ca4a1e2985c5456c834b92b82ef85ab0e1d92a7786cddbd219"

[[dependencies]]
name = "rain-deploy"
version = "0.1.2"
url = "https://soldeer-revisions.s3.amazonaws.com/rain-deploy/0_1_2_09-05-2026_19:49:20_rain.zip"
checksum = "94d3daf2f9f90062d2e676077c2b4ccd2bdd66201665a2209e98016e155f619a"
integrity = "10bff708d9e5d8b77655b8a8fc0c755cef8e3fc876cc3ff100425d27b08294a0"

[[dependencies]]
name = "rain-extrospection"
version = "0.1.0"
url = "https://soldeer-revisions.s3.amazonaws.com/rain-extrospection/0_1_0_11-05-2026_12:26:12_rain.zip"
checksum = "97297c3f1d623c63f5996b4266a4c26f895a1ca17ab271a619af601f8950521d"
integrity = "30f7e23c71b24267d2db46085049aec5baaa693825ff8bc8fd72bd685da479ad"
